
Microsoft Visual Studio Solution File, Format Version 12.00
# Visual Studio Version 17
VisualStudioVersion = 17.6.33815.320
MinimumVisualStudioVersion = 10.0.40219.1
Project("{FAE04EC0-301F-11D3-BF4B-00C04F79EFBC}") = "WebApplication", "WebApplication\WebApplication.csproj", "{39DB6B33-C62D-445A-B842-3B595181DAA3}"
EndProject
Global
	GlobalSection(SolutionConfigurationPlatforms) = preSolution
		Debug|Any CPU = Debug|Any CPU
		Release|Any CPU = Release|Any CPU
	EndGlobalSection
	GlobalSection(ProjectConfigurationPlatforms) = postSolution
		{39DB6B33-C62D-445A-B842-3B595181DAA3}.Debug|Any CPU.ActiveCfg = Debug|Any CPU
		{39DB6B33-C62D-445A-B842-3B595181DAA3}.Debug|Any CPU.Build.0 = Debug|Any CPU
		{39DB6B33-C62D-445A-B842-3B595181DAA3}.Release|Any CPU.ActiveCfg = Release|Any CPU
		{39DB6B33-C62D-445A-B842-3B595181DAA3}.Release|Any CPU.Build.0 = Release|Any CPU
	EndGlobalSection
	GlobalSection(SolutionProperties) = preSolution
		HideSolutionNode = FALSE
	EndGlobalSection
	GlobalSection(ExtensibilityGlobals) = postSolution
		SolutionGuid = {74655FFF-5280-42AE-8EC3-CAA7D5ACA33D}
	EndGlobalSection
EndGlobal
